hash: ff9b02819dc61158c54101a92709522cb5ccc791399574ab4c63f91fb01cdde4
updated: 2017-11-16T10:53:14.368258593+08:00
imports:
- name: github.com/fatih/color
  version: 570b54cabe6b8eb0bc2dfce68d964677d63b5260
- name: github.com/gin-gonic/gin
  version: d459835d2b077e44f7c9b453505ee29881d5d12d
- name: github.com/golang/net
  version: a337091b0525af65de94df2eb7e98bd9962dcbe2
  subpackages:
  - context
- name: github.com/hashicorp/consul
  version: 783a405d781ffc5edaf2d6b5eff41e22df96644f
  subpackages:
  - api
  - watch
- name: github.com/jinzhu/inflection
  version: 1c35d901db3da928c72a72d8458480cc9ade058f
- name: github.com/micro/go-log
  version: cbfa9447f9b655f8e66583237e51f40ca9bff860
- name: github.com/micro/go-micro
  version: 78da1fde94ff21e1faee56456b8c5a3b23dbecdf
  subpackages:
  - registry
- name: github.com/micro/go-os
  version: bd87a0c3c18b189eb52c94d49854162925369401
  subpackages:
  - metrics
- name: github.com/mitchellh/hashstructure
  version: 2bca23e0e452137f789efbc8610126fd8b94f73b
- name: github.com/prometheus/client_golang
  version: 967789050ba94deca04a5e84cce8ad472ce313c1
  subpackages:
  - prometheus
  - prometheus/push
testImports:
- name: github.com/jinzhu/gorm
  version: 5174cc5c242a728b435ea2be8a2f7f998e15429b
